
Microsoft Visual Studio Solution File, Format Version 12.00
# Visual Studio Version 17
VisualStudioVersion = 17.2.32630.192
MinimumVisualStudioVersion = 10.0.40219.1
Project("{9A19103F-16F7-4668-BE54-9A1E7A4F7556}") = "NET_FiveMinutes_001_MonitorFileChanged", "NET_FiveMinutes_001_MonitorFileChanged.csproj", "{6B674FAA-54CE-49FC-BFF3-EBB8B54C2685}"
EndProject
Project("{FAE04EC0-301F-11D3-BF4B-00C04F79EFBC}") = "NET_FiveMinutes_002_Crawl", "..\NET_FiveMinutes_002_CrawlZhihu\NET_FiveMinutes_002_Crawl.csproj", "{47CC45FC-7224-4F89-B6A1-43BEAE8899D9}"
EndProject
Project("{FAE04EC0-301F-11D3-BF4B-00C04F79EFBC}") = "NET_FiveMinutes_003_Encrypt", "..\NET_FiveMinutes_003_Encrypt\NET_FiveMinutes_003_Encrypt.csproj", "{15B9C5FB-FF91-4184-BE4D-2990C0C1E22B}"
EndProject
Project("{FAE04EC0-301F-11D3-BF4B-00C04F79EFBC}") = "NET_FiveMinutes_004_EncryptPlay", "..\NET_FiveMinutes_004_EncryptPlay\NET_FiveMinutes_004_EncryptPlay.csproj", "{8180215C-958C-499B-8E8A-D04B9749EC5F}"
EndProject
Project("{FAE04EC0-301F-11D3-BF4B-00C04F79EFBC}") = "NET_FiveMinutes_005_SqlSugarHelper", "..\NET_FiveMinutes_005_SqlSugarHelper\NET_FiveMinutes_005_SqlSugarHelper.csproj", "{0812AC91-342B-4CC1-851C-649863DBE32A}"
EndProject
Project("{FAE04EC0-301F-11D3-BF4B-00C04F79EFBC}") = "NET_FiveMinutes_006_AlbertToolHelperDesktop", "..\NET_FiveMinutes_006_AlbertToolHelperDesktop\NET_FiveMinutes_006_AlbertToolHelperDesktop.csproj", "{CDFD38F7-B5C6-402A-8FE1-A2A8B6326DCA}"
EndProject
Project("{9A19103F-16F7-4668-BE54-9A1E7A4F7556}") = "NET_FiveMinutes_007_MarkdownMiddleware", "..\NET_FiveMinutes_007_MarkdownMiddleware\NET_FiveMinutes_007_MarkdownMiddleware.csproj", "{A0419630-114A-4E01-9149-C50EF343EC36}"
EndProject
Project("{FAE04EC0-301F-11D3-BF4B-00C04F79EFBC}") = "NET_FiveMinutes_008_UseIdentity", "..\NET_FiveMinutes_008_UseIdentity\NET_FiveMinutes_008_UseIdentity.csproj", "{4150C61C-A9EC-4CAE-A29F-5AF55A399EED}"
EndProject
Global
	GlobalSection(SolutionConfigurationPlatforms) = preSolution
		Debug|Any CPU = Debug|Any CPU
		Release|Any CPU = Release|Any CPU
	EndGlobalSection
	GlobalSection(ProjectConfigurationPlatforms) = postSolution
		{6B674FAA-54CE-49FC-BFF3-EBB8B54C2685}.Debug|Any CPU.ActiveCfg = Debug|Any CPU
		{6B674FAA-54CE-49FC-BFF3-EBB8B54C2685}.Debug|Any CPU.Build.0 = Debug|Any CPU
		{6B674FAA-54CE-49FC-BFF3-EBB8B54C2685}.Release|Any CPU.ActiveCfg = Release|Any CPU
		{6B674FAA-54CE-49FC-BFF3-EBB8B54C2685}.Release|Any CPU.Build.0 = Release|Any CPU
		{47CC45FC-7224-4F89-B6A1-43BEAE8899D9}.Debug|Any CPU.ActiveCfg = Debug|Any CPU
		{47CC45FC-7224-4F89-B6A1-43BEAE8899D9}.Debug|Any CPU.Build.0 = Debug|Any CPU
		{47CC45FC-7224-4F89-B6A1-43BEAE8899D9}.Release|Any CPU.ActiveCfg = Release|Any CPU
		{47CC45FC-7224-4F89-B6A1-43BEAE8899D9}.Release|Any CPU.Build.0 = Release|Any CPU
		{15B9C5FB-FF91-4184-BE4D-2990C0C1E22B}.Debug|Any CPU.ActiveCfg = Debug|Any CPU
		{15B9C5FB-FF91-4184-BE4D-2990C0C1E22B}.Debug|Any CPU.Build.0 = Debug|Any CPU
		{15B9C5FB-FF91-4184-BE4D-2990C0C1E22B}.Release|Any CPU.ActiveCfg = Release|Any CPU
		{15B9C5FB-FF91-4184-BE4D-2990C0C1E22B}.Release|Any CPU.Build.0 = Release|Any CPU
		{8180215C-958C-499B-8E8A-D04B9749EC5F}.Debug|Any CPU.ActiveCfg = Debug|Any CPU
		{8180215C-958C-499B-8E8A-D04B9749EC5F}.Debug|Any CPU.Build.0 = Debug|Any CPU
		{8180215C-958C-499B-8E8A-D04B9749EC5F}.Release|Any CPU.ActiveCfg = Release|Any CPU
		{8180215C-958C-499B-8E8A-D04B9749EC5F}.Release|Any CPU.Build.0 = Release|Any CPU
		{0812AC91-342B-4CC1-851C-649863DBE32A}.Debug|Any CPU.ActiveCfg = Debug|Any CPU
		{0812AC91-342B-4CC1-851C-649863DBE32A}.Debug|Any CPU.Build.0 = Debug|Any CPU
		{0812AC91-342B-4CC1-851C-649863DBE32A}.Release|Any CPU.ActiveCfg = Release|Any CPU
		{0812AC91-342B-4CC1-851C-649863DBE32A}.Release|Any CPU.Build.0 = Release|Any CPU
		{CDFD38F7-B5C6-402A-8FE1-A2A8B6326DCA}.Debug|Any CPU.ActiveCfg = Debug|Any CPU
		{CDFD38F7-B5C6-402A-8FE1-A2A8B6326DCA}.Debug|Any CPU.Build.0 = Debug|Any CPU
		{CDFD38F7-B5C6-402A-8FE1-A2A8B6326DCA}.Release|Any CPU.ActiveCfg = Release|Any CPU
		{CDFD38F7-B5C6-402A-8FE1-A2A8B6326DCA}.Release|Any CPU.Build.0 = Release|Any CPU
		{A0419630-114A-4E01-9149-C50EF343EC36}.Debug|Any CPU.ActiveCfg = Debug|Any CPU
		{A0419630-114A-4E01-9149-C50EF343EC36}.Debug|Any CPU.Build.0 = Debug|Any CPU
		{A0419630-114A-4E01-9149-C50EF343EC36}.Release|Any CPU.ActiveCfg = Release|Any CPU
		{A0419630-114A-4E01-9149-C50EF343EC36}.Release|Any CPU.Build.0 = Release|Any CPU
		{4150C61C-A9EC-4CAE-A29F-5AF55A399EED}.Debug|Any CPU.ActiveCfg = Debug|Any CPU
		{4150C61C-A9EC-4CAE-A29F-5AF55A399EED}.Debug|Any CPU.Build.0 = Debug|Any CPU
		{4150C61C-A9EC-4CAE-A29F-5AF55A399EED}.Release|Any CPU.ActiveCfg = Release|Any CPU
		{4150C61C-A9EC-4CAE-A29F-5AF55A399EED}.Release|Any CPU.Build.0 = Release|Any CPU
	EndGlobalSection
	GlobalSection(SolutionProperties) = preSolution
		HideSolutionNode = FALSE
	EndGlobalSection
	GlobalSection(ExtensibilityGlobals) = postSolution
		SolutionGuid = {9EB155A1-0457-4097-A0A7-8CE009CA5CDD}
	EndGlobalSection
EndGlobal
